// !$*UTF8*$!
{
	archiveVersion = 1;
	classes = {
	};
	objectVersion = 46;
	objects = {

/* Begin PBXBuildFile section */
		2DBCB1FC1ECD952B00AB8D7B /* AppDelegate.swift in Sources */ = {isa = PBXBuildFile; fileRef = 2DBCB1FB1ECD952B00AB8D7B /* AppDelegate.swift */; };
		2DBCB1FE1ECD952B00AB8D7B /* DelegateTableViewController.swift in Sources */ = {isa = PBXBuildFile; fileRef = 2DBCB1FD1ECD952B00AB8D7B /* DelegateTableViewController.swift */; };
		2DBCB2011ECD952B00AB8D7B /* Main.storyboard in Resources */ = {isa = PBXBuildFile; fileRef = 2DBCB1FF1ECD952B00AB8D7B /* Main.storyboard */; };
		2DBCB2031ECD952B00AB8D7B /* Assets.xcassets in Resources */ = {isa = PBXBuildFile; fileRef = 2DBCB2021ECD952B00AB8D7B /* Assets.xcassets */; };
		2DBCB2061ECD952B00AB8D7B /* LaunchScreen.storyboard in Resources */ = {isa = PBXBuildFile; fileRef = 2DBCB2041ECD952B00AB8D7B /* LaunchScreen.storyboard */; };
		2DBCB2111ECD952B00AB8D7B /* PTBNetWorkingToolTests.swift in Sources */ = {isa = PBXBuildFile; fileRef = 2DBCB2101ECD952B00AB8D7B /* PTBNetWorkingToolTests.swift */; };
		2DBCB21C1ECD952B00AB8D7B /* PTBNetWorkingToolUITests.swift in Sources */ = {isa = PBXBuildFile; fileRef = 2DBCB21B1ECD952B00AB8D7B /* PTBNetWorkingToolUITests.swift */; };
		2DBCB22A1ECD954200AB8D7B /* PTBNetWorkingTool.swift in Sources */ = {isa = PBXBuildFile; fileRef = 2DBCB2291ECD954200AB8D7B /* PTBNetWorkingTool.swift */; };
		2DBCB22C1ECD996D00AB8D7B /* ClosureTableViewController.swift in Sources */ = {isa = PBXBuildFile; fileRef = 2DBCB22B1ECD996D00AB8D7B /* ClosureTableViewController.swift */; };
		36C1E812E5191B52131525D7 /* Pods_PTBNetWorkingTool.framework in Frameworks */ = {isa = PBXBuildFile; fileRef = C99908536849D5C932B84464 /* Pods_PTBNetWorkingTool.framework */; };
/* End PBXBuildFile section */

/* Begin PBXContainerItemProxy section */
		2DBCB20D1ECD952B00AB8D7B /* PBXContainerItemProxy */ = {
			isa = PBXContainerItemProxy;
			containerPortal = 2DBCB1F01ECD952B00AB8D7B /* Project object */;
			proxyType = 1;
			remoteGlobalIDString = 2DBCB1F71ECD952B00AB8D7B;
			remoteInfo = PTBNetWorkingTool;
		};
		2DBCB2181ECD952B00AB8D7B /* PBXContainerItemProxy */ = {
			isa = PBXContainerItemProxy;
			containerPortal = 2DBCB1F01ECD952B00AB8D7B /* Project object */;
			proxyType = 1;
			remoteGlobalIDString = 2DBCB1F71ECD952B00AB8D7B;
			remoteInfo = PTBNetWorkingTool;
		};
/* End PBXContainerItemProxy section */

/* Begin PBXFileReference section */
		2DBCB1F81ECD952B00AB8D7B /* PTBNetWorkingTool.app */ = {isa = PBXFileReference; explicitFileType = wrapper.application; includeInIndex = 0; path = PTBNetWorkingTool.app; sourceTree = BUILT_PRODUCTS_DIR; };
		2DBCB1FB1ECD952B00AB8D7B /* AppDelegate.swift */ = {isa = PBXFileReference; lastKnownFileType = sourcecode.swift; path = AppDelegate.swift; sourceTree = "<group>"; };
		2DBCB1FD1ECD952B00AB8D7B /* DelegateTableViewController.swift */ = {isa = PBXFileReference; lastKnownFileType = sourcecode.swift; path = DelegateTableViewController.swift; sourceTree = "<group>"; };
		2DBCB2001ECD952B00AB8D7B /* Base */ = {isa = PBXFileReference; lastKnownFileType = file.storyboard; name = Base; path = Base.lproj/Main.storyboard; sourceTree = "<group>"; };
		2DBCB2021ECD952B00AB8D7B /* Assets.xcassets */ = {isa = PBXFileReference; lastKnownFileType = folder.assetcatalog; path = Assets.xcassets; sourceTree = "<group>"; };
		2DBCB2051ECD952B00AB8D7B /* Base */ = {isa = PBXFileReference; lastKnownFileType = file.storyboard; name = Base; path = Base.lproj/LaunchScreen.storyboard; sourceTree = "<group>"; };
		2DBCB2071ECD952B00AB8D7B /* Info.plist */ = {isa = PBXFileReference; lastKnownFileType = text.plist.xml; path = Info.plist; sourceTree = "<group>"; };
		2DBCB20C1ECD952B00AB8D7B /* PTBNetWorkingToolTests.xctest */ = {isa = PBXFileReference; explicitFileType = wrapper.cfbundle; includeInIndex = 0; path = PTBNetWorkingToolTests.xctest; sourceTree = BUILT_PRODUCTS_DIR; };
		2DBCB2101ECD952B00AB8D7B /* PTBNetWorkingToolTests.swift */ = {isa = PBXFileReference; lastKnownFileType = sourcecode.swift; path = PTBNetWorkingToolTests.swift; sourceTree = "<group>"; };
		2DBCB2121ECD952B00AB8D7B /* Info.plist */ = {isa = PBXFileReference; lastKnownFileType = text.plist.xml; path = Info.plist; sourceTree = "<group>"; };
		2DBCB2171ECD952B00AB8D7B /* PTBNetWorkingToolUITests.xctest */ = {isa = PBXFileReference; explicitFileType = wrapper.cfbundle; includeInIndex = 0; path = PTBNetWorkingToolUITests.xctest; sourceTree = BUILT_PRODUCTS_DIR; };
		2DBCB21B1ECD952B00AB8D7B /* PTBNetWorkingToolUITests.swift */ = {isa = PBXFileReference; lastKnownFileType = sourcecode.swift; path = PTBNetWorkingToolUITests.swift; sourceTree = "<group>"; };
		2DBCB21D1ECD952B00AB8D7B /* Info.plist */ = {isa = PBXFileReference; lastKnownFileType = text.plist.xml; path = Info.plist; sourceTree = "<group>"; };
		2DBCB2291ECD954200AB8D7B /* PTBNetWorkingTool.swift */ = {isa = PBXFileReference; fileEncoding = 4; lastKnownFileType = sourcecode.swift; path = PTBNetWorkingTool.swift; sourceTree = "<group>"; };
		2DBCB22B1ECD996D00AB8D7B /* ClosureTableViewController.swift */ = {isa = PBXFileReference; fileEncoding = 4; lastKnownFileType = sourcecode.swift; path = ClosureTableViewController.swift; sourceTree = "<group>"; };
		C99908536849D5C932B84464 /* Pods_PTBNetWorkingTool.framework */ = {isa = PBXFileReference; explicitFileType = wrapper.framework; includeInIndex = 0; path = Pods_PTBNetWorkingTool.framework; sourceTree = BUILT_PRODUCTS_DIR; };
		CC438637335BD432D3398053 /* Pods-PTBNetWorkingTool.debug.xcconfig */ = {isa = PBXFileReference; includeInIndex = 1; lastKnownFileType = text.xcconfig; name = "Pods-PTBNetWorkingTool.debug.xcconfig"; path = "Pods/Target Support Files/Pods-PTBNetWorkingTool/Pods-PTBNetWorkingTool.debug.xcconfig"; sourceTree = "<group>"; };
		D6D0FE73882D81BFE406D454 /* Pods-PTBNetWorkingTool.release.xcconfig */ = {isa = PBXFileReference; includeInIndex = 1; lastKnownFileType = text.xcconfig; name = "Pods-PTBNetWorkingTool.release.xcconfig"; path = "Pods/Target Support Files/Pods-PTBNetWorkingTool/Pods-PTBNetWorkingTool.release.xcconfig"; sourceTree = "<group>"; };
/* End PBXFileReference section */

/* Begin PBXFrameworksBuildPhase section */
		2DBCB1F51ECD952B00AB8D7B /* Frameworks */ = {
			isa = PBXFrameworksBuildPhase;
			buildActionMask = 2147483647;
			files = (
				36C1E812E5191B52131525D7 /* Pods_PTBNetWorkingTool.framework in Frameworks */,
			);
			runOnlyForDeploymentPostprocessing = 0;
		};
		2DBCB2091ECD952B00AB8D7B /* Frameworks */ = {
			isa = PBXFrameworksBuildPhase;
			buildActionMask = 2147483647;
			files = (
			);
			runOnlyForDeploymentPostprocessing = 0;
		};
		2DBCB2141ECD952B00AB8D7B /* Frameworks */ = {
			isa = PBXFrameworksBuildPhase;
			buildActionMask = 2147483647;
			files = (
			);
			runOnlyForDeploymentPostprocessing = 0;
		};
/* End PBXFrameworksBuildPhase section */

/* Begin PBXGroup section */
		0E6F32A0A0041C1AA4E1D09D /* Pods */ = {
			isa = PBXGroup;
			children = (
				CC438637335BD432D3398053 /* Pods-PTBNetWorkingTool.debug.xcconfig */,
				D6D0FE73882D81BFE406D454 /* Pods-PTBNetWorkingTool.release.xcconfig */,
			);
			name = Pods;
			sourceTree = "<group>";
		};
		157FC4300A775A16DD9C84B1 /* Frameworks */ = {
			isa = PBXGroup;
			children = (
				C99908536849D5C932B84464 /* Pods_PTBNetWorkingTool.framework */,
			);
			name = Frameworks;
			sourceTree = "<group>";
		};
		2DBCB1EF1ECD952B00AB8D7B = {
			isa = PBXGroup;
			children = (
				2DBCB1FA1ECD952B00AB8D7B /* PTBNetWorkingTool */,
				2DBCB20F1ECD952B00AB8D7B /* PTBNetWorkingToolTests */,
				2DBCB21A1ECD952B00AB8D7B /* PTBNetWorkingToolUITests */,
				2DBCB1F91ECD952B00AB8D7B /* Products */,
				0E6F32A0A0041C1AA4E1D09D /* Pods */,
				157FC4300A775A16DD9C84B1 /* Frameworks */,
			);
			sourceTree = "<group>";
		};
		2DBCB1F91ECD952B00AB8D7B /* Products */ = {
			isa = PBXGroup;
			children = (
				2DBCB1F81ECD952B00AB8D7B /* PTBNetWorkingTool.app */,
				2DBCB20C1ECD952B00AB8D7B /* PTBNetWorkingToolTests.xctest */,
				2DBCB2171ECD952B00AB8D7B /* PTBNetWorkingToolUITests.xctest */,
			);
			name = Products;
			sourceTree = "<group>";
		};
		2DBCB1FA1ECD952B00AB8D7B /* PTBNetWorkingTool */ = {
			isa = PBXGroup;
			children = (
				2DBCB2291ECD954200AB8D7B /* PTBNetWorkingTool.swift */,
				2DBCB1FD1ECD952B00AB8D7B /* DelegateTableViewController.swift */,
				2DBCB22B1ECD996D00AB8D7B /* ClosureTableViewController.swift */,
				2DBCB1FF1ECD952B00AB8D7B /* Main.storyboard */,
				2DBCB2021ECD952B00AB8D7B /* Assets.xcassets */,
				2DBCB1FB1ECD952B00AB8D7B /* AppDelegate.swift */,
				2DBCB2041ECD952B00AB8D7B /* LaunchScreen.storyboard */,
				2DBCB2071ECD952B00AB8D7B /* Info.plist */,
			);
			path = PTBNetWorkingTool;
			sourceTree = "<group>";
		};
		2DBCB20F1ECD952B00AB8D7B /* PTBNetWorkingToolTests */ = {
			isa = PBXGroup;
			children = (
				2DBCB2101ECD952B00AB8D7B /* PTBNetWorkingToolTests.swift */,
				2DBCB2121ECD952B00AB8D7B /* Info.plist */,
			);
			path = PTBNetWorkingToolTests;
			sourceTree = "<group>";
		};
		2DBCB21A1ECD952B00AB8D7B /* PTBNetWorkingToolUITests */ = {
			isa = PBXGroup;
			children = (
				2DBCB21B1ECD952B00AB8D7B /* PTBNetWorkingToolUITests.swift */,
				2DBCB21D1ECD952B00AB8D7B /* Info.plist */,
			);
			path = PTBNetWorkingToolUITests;
			sourceTree = "<group>";
		};
/* End PBXGroup section */

/* Begin PBXNativeTarget section */
		2DBCB1F71ECD952B00AB8D7B /* PTBNetWorkingTool */ = {
			isa = PBXNativeTarget;
			buildConfigurationList = 2DBCB2201ECD952B00AB8D7B /* Build configuration list for PBXNativeTarget "PTBNetWorkingTool" */;
			buildPhases = (
				76103CDECF8C33FE03538541 /* [CP] Check Pods Manifest.lock */,
				2DBCB1F41ECD952B00AB8D7B /* Sources */,
				2DBCB1F51ECD952B00AB8D7B /* Frameworks */,
				2DBCB1F61ECD952B00AB8D7B /* Resources */,
				2299F663532766FBBE4B409B /* [CP] Embed Pods Frameworks */,
			);
			buildRules = (
			);
			dependencies = (
			);
			name = PTBNetWorkingTool;
			productName = PTBNetWorkingTool;
			productReference = 2DBCB1F81ECD952B00AB8D7B /* PTBNetWorkingTool.app */;
			productType = "com.apple.product-type.application";
		};
		2DBCB20B1ECD952B00AB8D7B /* PTBNetWorkingToolTests */ = {
			isa = PBXNativeTarget;
			buildConfigurationList = 2DBCB2231ECD952B00AB8D7B /* Build configuration list for PBXNativeTarget "PTBNetWorkingToolTests" */;
			buildPhases = (
				2DBCB2081ECD952B00AB8D7B /* Sources */,
				2DBCB2091ECD952B00AB8D7B /* Frameworks */,
				2DBCB20A1ECD952B00AB8D7B /* Resources */,
			);
			buildRules = (
			);
			dependencies = (
				2DBCB20E1ECD952B00AB8D7B /* PBXTargetDependency */,
			);
			name = PTBNetWorkingToolTests;
			productName = PTBNetWorkingToolTests;
			productReference = 2DBCB20C1ECD952B00AB8D7B /* PTBNetWorkingToolTests.xctest */;
			productType = "com.apple.product-type.bundle.unit-test";
		};
		2DBCB2161ECD952B00AB8D7B /* PTBNetWorkingToolUITests */ = {
			isa = PBXNativeTarget;
			buildConfigurationList = 2DBCB2261ECD952B00AB8D7B /* Build configuration list for PBXNativeTarget "PTBNetWorkingToolUITests" */;
			buildPhases = (
				2DBCB2131ECD952B00AB8D7B /* Sources */,
				2DBCB2141ECD952B00AB8D7B /* Frameworks */,
				2DBCB2151ECD952B00AB8D7B /* Resources */,
			);
			buildRules = (
			);
			dependencies = (
				2DBCB2191ECD952B00AB8D7B /* PBXTargetDependency */,
			);
			name = PTBNetWorkingToolUITests;
			productName = PTBNetWorkingToolUITests;
			productReference = 2DBCB2171ECD952B00AB8D7B /* PTBNetWorkingToolUITests.xctest */;
			productType = "com.apple.product-type.bundle.ui-testing";
		};
/* End PBXNativeTarget section */

/* Begin PBXProject section */
		2DBCB1F01ECD952B00AB8D7B /* Project object */ = {
			isa = PBXProject;
			attributes = {
				LastSwiftUpdateCheck = 0810;
				LastUpgradeCheck = 0810;
				ORGANIZATIONNAME = PerTerbin;
				TargetAttributes = {
					2DBCB1F71ECD952B00AB8D7B = {
						CreatedOnToolsVersion = 8.1;
						ProvisioningStyle = Automatic;
					};
					2DBCB20B1ECD952B00AB8D7B = {
						CreatedOnToolsVersion = 8.1;
						ProvisioningStyle = Automatic;
						TestTargetID = 2DBCB1F71ECD952B00AB8D7B;
					};
					2DBCB2161ECD952B00AB8D7B = {
						CreatedOnToolsVersion = 8.1;
						ProvisioningStyle = Automatic;
						TestTargetID = 2DBCB1F71ECD952B00AB8D7B;
					};
				};
			};
			buildConfigurationList = 2DBCB1F31ECD952B00AB8D7B /* Build configuration list for PBXProject "PTBNetWorkingTool" */;
			compatibilityVersion = "Xcode 3.2";
			developmentRegion = English;
			hasScannedForEncodings = 0;
			knownRegions = (
				en,
				Base,
			);
			mainGroup = 2DBCB1EF1ECD952B00AB8D7B;
			productRefGroup = 2DBCB1F91ECD952B00AB8D7B /* Products */;
			projectDirPath = "";
			projectRoot = "";
			targets = (
				2DBCB1F71ECD952B00AB8D7B /* PTBNetWorkingTool */,
				2DBCB20B1ECD952B00AB8D7B /* PTBNetWorkingToolTests */,
				2DBCB2161ECD952B00AB8D7B /* PTBNetWorkingToolUITests */,
			);
		};
/* End PBXProject section */

/* Begin PBXResourcesBuildPhase section */
		2DBCB1F61ECD952B00AB8D7B /* Resources */ = {
			isa = PBXResourcesBuildPhase;
			buildActionMask = 2147483647;
			files = (
				2DBCB2061ECD952B00AB8D7B /* LaunchScreen.storyboard in Resources */,
				2DBCB2031ECD952B00AB8D7B /* Assets.xcassets in Resources */,
				2DBCB2011ECD952B00AB8D7B /* Main.storyboard in Resources */,
			);
			runOnlyForDeploymentPostprocessing = 0;
		};
		2DBCB20A1ECD952B00AB8D7B /* Resources */ = {
			isa = PBXResourcesBuildPhase;
			buildActionMask = 2147483647;
			files = (
			);
			runOnlyForDeploymentPostprocessing = 0;
		};
		2DBCB2151ECD952B00AB8D7B /* Resources */ = {
			isa = PBXResourcesBuildPhase;
			buildActionMask = 2147483647;
			files = (
			);
			runOnlyForDeploymentPostprocessing = 0;
		};
/* End PBXResourcesBuildPhase section */

/* Begin PBXShellScriptBuildPhase section */
		2299F663532766FBBE4B409B /* [CP] Embed Pods Frameworks */ = {
			isa = PBXShellScriptBuildPhase;
			buildActionMask = 2147483647;
			files = (
			);
			inputPaths = (
				"${SRCROOT}/Pods/Target Support Files/Pods-PTBNetWorkingTool/Pods-PTBNetWorkingTool-frameworks.sh",
				"${BUILT_PRODUCTS_DIR}/Alamofire/Alamofire.framework",
			);
			name = "[CP] Embed Pods Frameworks";
			outputPaths = (
				"${TARGET_BUILD_DIR}/${FRAMEWORKS_FOLDER_PATH}/Alamofire.framework",
			);
			runOnlyForDeploymentPostprocessing = 0;
			shellPath = /bin/sh;
			shellScript = "\"${SRCROOT}/Pods/Target Support Files/Pods-PTBNetWorkingTool/Pods-PTBNetWorkingTool-frameworks.sh\"\n";
			showEnvVarsInLog = 0;
		};
		76103CDECF8C33FE03538541 /* [CP] Check Pods Manifest.lock */ = {
			isa = PBXShellScriptBuildPhase;
			buildActionMask = 2147483647;
			files = (
			);
			inputPaths = (
				"${PODS_PODFILE_DIR_PATH}/Podfile.lock",
				"${PODS_ROOT}/Manifest.lock",
			);
			name = "[CP] Check Pods Manifest.lock";
			outputPaths = (
				"$(DERIVED_FILE_DIR)/Pods-PTBNetWorkingTool-checkManifestLockResult.txt",
			);
			runOnlyForDeploymentPostprocessing = 0;
			shellPath = /bin/sh;
			shellScript = "diff \"${PODS_PODFILE_DIR_PATH}/Podfile.lock\" \"${PODS_ROOT}/Manifest.lock\" > /dev/null\nif [ $? != 0 ] ; then\n    # print error to STDERR\n    echo \"error: The sandbox is not in sync with the Podfile.lock. Run 'pod install' or update your CocoaPods installation.\" >&2\n    exit 1\nfi\n# This output is used by Xcode 'outputs' to avoid re-running this script phase.\necho \"SUCCESS\" > \"${SCRIPT_OUTPUT_FILE_0}\"\n";
			showEnvVarsInLog = 0;
		};
/* End PBXShellScriptBuildPhase section */

/* Begin PBXSourcesBuildPhase section */
		2DBCB1F41ECD952B00AB8D7B /* Sources */ = {
			isa = PBXSourcesBuildPhase;
			buildActionMask = 2147483647;
			files = (
				2DBCB1FE1ECD952B00AB8D7B /* DelegateTableViewController.swift in Sources */,
				2DBCB1FC1ECD952B00AB8D7B /* AppDelegate.swift in Sources */,
				2DBCB22C1ECD996D00AB8D7B /* ClosureTableViewController.swift in Sources */,
				2DBCB22A1ECD954200AB8D7B /* PTBNetWorkingTool.swift in Sources */,
			);
			runOnlyForDeploymentPostprocessing = 0;
		};
		2DBCB2081ECD952B00AB8D7B /* Sources */ = {
			isa = PBXSourcesBuildPhase;
			buildActionMask = 2147483647;
			files = (
				2DBCB2111ECD952B00AB8D7B /* PTBNetWorkingToolTests.swift in Sources */,
			);
			runOnlyForDeploymentPostprocessing = 0;
		};
		2DBCB2131ECD952B00AB8D7B /* Sources */ = {
			isa = PBXSourcesBuildPhase;
			buildActionMask = 2147483647;
			files = (
				2DBCB21C1ECD952B00AB8D7B /* PTBNetWorkingToolUITests.swift in Sources */,
			);
			runOnlyForDeploymentPostprocessing = 0;
		};
/* End PBXSourcesBuildPhase section */

/* Begin PBXTargetDependency section */
		2DBCB20E1ECD952B00AB8D7B /* PBXTargetDependency */ = {
			isa = PBXTargetDependency;
			target = 2DBCB1F71ECD952B00AB8D7B /* PTBNetWorkingTool */;
			targetProxy = 2DBCB20D1ECD952B00AB8D7B /* PBXContainerItemProxy */;
		};
		2DBCB2191ECD952B00AB8D7B /* PBXTargetDependency */ = {
			isa = PBXTargetDependency;
			target = 2DBCB1F71ECD952B00AB8D7B /* PTBNetWorkingTool */;
			targetProxy = 2DBCB2181ECD952B00AB8D7B /* PBXContainerItemProxy */;
		};
/* End PBXTargetDependency section */

/* Begin PBXVariantGroup section */
		2DBCB1FF1ECD952B00AB8D7B /* Main.storyboard */ = {
			isa = PBXVariantGroup;
			children = (
				2DBCB2001ECD952B00AB8D7B /* Base */,
			);
			name = Main.storyboard;
			sourceTree = "<group>";
		};
		2DBCB2041ECD952B00AB8D7B /* LaunchScreen.storyboard */ = {
			isa = PBXVariantGroup;
			children = (
				2DBCB2051ECD952B00AB8D7B /* Base */,
			);
			name = LaunchScreen.storyboard;
			sourceTree = "<group>";
		};
/* End PBXVariantGroup section */

/* Begin XCBuildConfiguration section */
		2DBCB21E1ECD952B00AB8D7B /* Debug */ = {
			isa = XCBuildConfiguration;
			buildSettings = {
				ALWAYS_SEARCH_USER_PATHS = NO;
				CLANG_ANALYZER_NONNULL = YES;
				CLANG_CXX_LANGUAGE_STANDARD = "gnu++0x";
				CLANG_CXX_LIBRARY = "libc++";
				CLANG_ENABLE_MODULES = YES;
				CLANG_ENABLE_OBJC_ARC = YES;
				CLANG_WARN_BOOL_CONVERSION = YES;
				CLANG_WARN_CONSTANT_CONVERSION = YES;
				CLANG_WARN_DIRECT_OBJC_ISA_USAGE = YES_ERROR;
				CLANG_WARN_DOCUMENTATION_COMMENTS = YES;
				CLANG_WARN_EMPTY_BODY = YES;
				CLANG_WARN_ENUM_CONVERSION = YES;
				CLANG_WARN_INFINITE_RECURSION = YES;
				CLANG_WARN_INT_CONVERSION = YES;
				CLANG_WARN_OBJC_ROOT_CLASS = YES_ERROR;
				CLANG_WARN_SUSPICIOUS_MOVES = YES;
				CLANG_WARN_UNREACHABLE_CODE = YES;
				CLANG_WARN__DUPLICATE_METHOD_MATCH = YES;
				"CODE_SIGN_IDENTITY[sdk=iphoneos*]" = "iPhone Developer";
				COPY_PHASE_STRIP = NO;
				DEBUG_INFORMATION_FORMAT = dwarf;
				ENABLE_STRICT_OBJC_MSGSEND = YES;
				ENABLE_TESTABILITY = YES;
				GCC_C_LANGUAGE_STANDARD = gnu99;
				GCC_DYNAMIC_NO_PIC = NO;
				GCC_NO_COMMON_BLOCKS = YES;
				GCC_OPTIMIZATION_LEVEL = 0;
				GCC_PREPROCESSOR_DEFINITIONS = (
					"DEBUG=1",
					"$(inherited)",
				);
				GCC_WARN_64_TO_32_BIT_CONVERSION = YES;
				GCC_WARN_ABOUT_RETURN_TYPE = YES_ERROR;
				GCC_WARN_UNDECLARED_SELECTOR = YES;
				GCC_WARN_UNINITIALIZED_AUTOS = YES_AGGRESSIVE;
				GCC_WARN_UNUSED_FUNCTION = YES;
				GCC_WARN_UNUSED_VARIABLE = YES;
				IPHONEOS_DEPLOYMENT_TARGET = 10.1;
				MTL_ENABLE_DEBUG_INFO = YES;
				ONLY_ACTIVE_ARCH = YES;
				SDKROOT = iphoneos;
				SWIFT_ACTIVE_COMPILATION_CONDITIONS = DEBUG;
				SWIFT_OPTIMIZATION_LEVEL = "-Onone";
				TARGETED_DEVICE_FAMILY = "1,2";
			};
			name = Debug;
		};
		2DBCB21F1ECD952B00AB8D7B /* Release */ = {
			isa = XCBuildConfiguration;
			buildSettings = {
				ALWAYS_SEARCH_USER_PATHS = NO;
				CLANG_ANALYZER_NONNULL = YES;
				CLANG_CXX_LANGUAGE_STANDARD = "gnu++0x";
				CLANG_CXX_LIBRARY = "libc++";
				CLANG_ENABLE_MODULES = YES;
				CLANG_ENABLE_OBJC_ARC = YES;
				CLANG_WARN_BOOL_CONVERSION = YES;
				CLANG_WARN_CONSTANT_CONVERSION = YES;
				CLANG_WARN_DIRECT_OBJC_ISA_USAGE = YES_ERROR;
				CLANG_WARN_DOCUMENTATION_COMMENTS = YES;
				CLANG_WARN_EMPTY_BODY = YES;
				CLANG_WARN_ENUM_CONVERSION = YES;
				CLANG_WARN_INFINITE_RECURSION = YES;
				CLANG_WARN_INT_CONVERSION = YES;
				CLANG_WARN_OBJC_ROOT_CLASS = YES_ERROR;
				CLANG_WARN_SUSPICIOUS_MOVES = YES;
				CLANG_WARN_UNREACHABLE_CODE = YES;
				CLANG_WARN__DUPLICATE_METHOD_MATCH = YES;
				"CODE_SIGN_IDENTITY[sdk=iphoneos*]" = "iPhone Developer";
				COPY_PHASE_STRIP = NO;
				DEBUG_INFORMATION_FORMAT = "dwarf-with-dsym";
				ENABLE_NS_ASSERTIONS = NO;
				ENABLE_STRICT_OBJC_MSGSEND = YES;
				GCC_C_LANGUAGE_STANDARD = gnu99;
				GCC_NO_COMMON_BLOCKS = YES;
				GCC_WARN_64_TO_32_BIT_CONVERSION = YES;
				GCC_WARN_ABOUT_RETURN_TYPE = YES_ERROR;
				GCC_WARN_UNDECLARED_SELECTOR = YES;
				GCC_WARN_UNINITIALIZED_AUTOS = YES_AGGRESSIVE;
				GCC_WARN_UNUSED_FUNCTION = YES;
				GCC_WARN_UNUSED_VARIABLE = YES;
				IPHONEOS_DEPLOYMENT_TARGET = 10.1;
				MTL_ENABLE_DEBUG_INFO = NO;
				SDKROOT = iphoneos;
				SWIFT_OPTIMIZATION_LEVEL = "-Owholemodule";
				TARGETED_DEVICE_FAMILY = "1,2";
				VALIDATE_PRODUCT = YES;
			};
			name = Release;
		};
		2DBCB2211ECD952B00AB8D7B /* Debug */ = {
			isa = XCBuildConfiguration;
			baseConfigurationReference = CC438637335BD432D3398053 /* Pods-PTBNetWorkingTool.debug.xcconfig */;
			buildSettings = {
				ASSETCATALOG_COMPILER_APPICON_NAME = AppIcon;
				INFOPLIST_FILE = PTBNetWorkingTool/Info.plist;
				LD_RUNPATH_SEARCH_PATHS = "$(inherited) @executable_path/Frameworks";
				PRODUCT_BUNDLE_IDENTIFIER = PerTerbin.PTBNetWorkingTool;
				PRODUCT_NAME = "$(TARGET_NAME)";
				SWIFT_VERSION = 3.0;
			};
			name = Debug;
		};
		2DBCB2221ECD952B00AB8D7B /* Release */ = {
			isa = XCBuildConfiguration;
			baseConfigurationReference = D6D0FE73882D81BFE406D454 /* Pods-PTBNetWorkingTool.release.xcconfig */;
			buildSettings = {
				ASSETCATALOG_COMPILER_APPICON_NAME = AppIcon;
				INFOPLIST_FILE = PTBNetWorkingTool/Info.plist;
				LD_RUNPATH_SEARCH_PATHS = "$(inherited) @executable_path/Frameworks";
				PRODUCT_BUNDLE_IDENTIFIER = PerTerbin.PTBNetWorkingTool;
				PRODUCT_NAME = "$(TARGET_NAME)";
				SWIFT_VERSION = 3.0;
			};
			name = Release;
		};
		2DBCB2241ECD952B00AB8D7B /* Debug */ = {
			isa = XCBuildConfiguration;
			buildSettings = {
				ALWAYS_EMBED_SWIFT_STANDARD_LIBRARIES = YES;
				BUNDLE_LOADER = "$(TEST_HOST)";
				INFOPLIST_FILE = PTBNetWorkingToolTests/Info.plist;
				LD_RUNPATH_SEARCH_PATHS = "$(inherited) @executable_path/Frameworks @loader_path/Frameworks";
				PRODUCT_BUNDLE_IDENTIFIER = PerTerbin.PTBNetWorkingToolTests;
				PRODUCT_NAME = "$(TARGET_NAME)";
				SWIFT_VERSION = 3.0;
				TEST_HOST = "$(BUILT_PRODUCTS_DIR)/PTBNetWorkingTool.app/PTBNetWorkingTool";
			};
			name = Debug;
		};
		2DBCB2251ECD952B00AB8D7B /* Release */ = {
			isa = XCBuildConfiguration;
			buildSettings = {
				ALWAYS_EMBED_SWIFT_STANDARD_LIBRARIES = YES;
				BUNDLE_LOADER = "$(TEST_HOST)";
				INFOPLIST_FILE = PTBNetWorkingToolTests/Info.plist;
				LD_RUNPATH_SEARCH_PATHS = "$(inherited) @executable_path/Frameworks @loader_path/Frameworks";
				PRODUCT_BUNDLE_IDENTIFIER = PerTerbin.PTBNetWorkingToolTests;
				PRODUCT_NAME = "$(TARGET_NAME)";
				SWIFT_VERSION = 3.0;
				TEST_HOST = "$(BUILT_PRODUCTS_DIR)/PTBNetWorkingTool.app/PTBNetWorkingTool";
			};
			name = Release;
		};
		2DBCB2271ECD952B00AB8D7B /* Debug */ = {
			isa = XCBuildConfiguration;
			buildSettings = {
				ALWAYS_EMBED_SWIFT_STANDARD_LIBRARIES = YES;
				INFOPLIST_FILE = PTBNetWorkingToolUITests/Info.plist;
				LD_RUNPATH_SEARCH_PATHS = "$(inherited) @executable_path/Frameworks @loader_path/Frameworks";
				PRODUCT_BUNDLE_IDENTIFIER = PerTerbin.PTBNetWorkingToolUITests;
				PRODUCT_NAME = "$(TARGET_NAME)";
				SWIFT_VERSION = 3.0;
				TEST_TARGET_NAME = PTBNetWorkingTool;
			};
			name = Debug;
		};
		2DBCB2281ECD952B00AB8D7B /* Release */ = {
			isa = XCBuildConfiguration;
			buildSettings = {
				ALWAYS_EMBED_SWIFT_STANDARD_LIBRARIES = YES;
				INFOPLIST_FILE = PTBNetWorkingToolUITests/Info.plist;
				LD_RUNPATH_SEARCH_PATHS = "$(inherited) @executable_path/Frameworks @loader_path/Frameworks";
				PRODUCT_BUNDLE_IDENTIFIER = PerTerbin.PTBNetWorkingToolUITests;
				PRODUCT_NAME = "$(TARGET_NAME)";
				SWIFT_VERSION = 3.0;
				TEST_TARGET_NAME = PTBNetWorkingTool;
			};
			name = Release;
		};
/* End XCBuildConfiguration section */

/* Begin XCConfigurationList section */
		2DBCB1F31ECD952B00AB8D7B /* Build configuration list for PBXProject "PTBNetWorkingTool" */ = {
			isa = XCConfigurationList;
			buildConfigurations = (
				2DBCB21E1ECD952B00AB8D7B /* Debug */,
				2DBCB21F1ECD952B00AB8D7B /* Release */,
			);
			defaultConfigurationIsVisible = 0;
			defaultConfigurationName = Release;
		};
		2DBCB2201ECD952B00AB8D7B /* Build configuration list for PBXNativeTarget "PTBNetWorkingTool" */ = {
			isa = XCConfigurationList;
			buildConfigurations = (
				2DBCB2211ECD952B00AB8D7B /* Debug */,
				2DBCB2221ECD952B00AB8D7B /* Release */,
			);
			defaultConfigurationIsVisible = 0;
			defaultConfigurationName = Release;
		};
		2DBCB2231ECD952B00AB8D7B /* Build configuration list for PBXNativeTarget "PTBNetWorkingToolTests" */ = {
			isa = XCConfigurationList;
			buildConfigurations = (
				2DBCB2241ECD952B00AB8D7B /* Debug */,
				2DBCB2251ECD952B00AB8D7B /* Release */,
			);
			defaultConfigurationIsVisible = 0;
			defaultConfigurationName = Release;
		};
		2DBCB2261ECD952B00AB8D7B /* Build configuration list for PBXNativeTarget "PTBNetWorkingToolUITests" */ = {
			isa = XCConfigurationList;
			buildConfigurations = (
				2DBCB2271ECD952B00AB8D7B /* Debug */,
				2DBCB2281ECD952B00AB8D7B /* Release */,
			);
			defaultConfigurationIsVisible = 0;
			defaultConfigurationName = Release;
		};
/* End XCConfigurationList section */
	};
	rootObject = 2DBCB1F01ECD952B00AB8D7B /* Project object */;
}
